
Microsoft Visual Studio Solution File, Format Version 12.00
# Visual Studio Version 16
VisualStudioVersion = 16.0.30907.101
MinimumVisualStudioVersion = 10.0.40219.1
Project("{9092AA53-FB77-4645-B42D-1CCCA6BD08BD}") = "HistoricalMap", "HistoricalMap.njsproj", "{D44A8DAE-2E89-4651-A245-ACC9697A21CF}"
EndProject
Global
	GlobalSection(SolutionConfigurationPlatforms) = preSolution
		Debug|Any CPU = Debug|Any CPU
		Release|Any CPU = Release|Any CPU
	EndGlobalSection
	GlobalSection(ProjectConfigurationPlatforms) = postSolution
		{D44A8DAE-2E89-4651-A245-ACC9697A21CF}.Debug|Any CPU.ActiveCfg = Debug|Any CPU
		{D44A8DAE-2E89-4651-A245-ACC9697A21CF}.Debug|Any CPU.Build.0 = Debug|Any CPU
		{D44A8DAE-2E89-4651-A245-ACC9697A21CF}.Release|Any CPU.ActiveCfg = Release|Any CPU
		{D44A8DAE-2E89-4651-A245-ACC9697A21CF}.Release|Any CPU.Build.0 = Release|Any CPU
	EndGlobalSection
	GlobalSection(SolutionProperties) = preSolution
		HideSolutionNode = FALSE
	EndGlobalSection
	GlobalSection(ExtensibilityGlobals) = postSolution
		SolutionGuid = {884A9E26-E8CC-45ED-8226-63C6235C7C91}
	EndGlobalSection
EndGlobal
